<?xml version="1.0" encoding="utf-8"?>
<Project ToolsVersion="4.0" xmlns="http://schemas.microsoft.com/developer/msbuild/2003">
  <ItemGroup>
    <ClCompile Include="..\..\Src\Gaia\src\Component.cpp" />
    <ClCompile Include="..\..\Src\Gaia\src\GaiaComponent.cpp" />
    <ClCompile Include="..\..\Src\Gaia\src\GaiaCore.cpp" />
    <ClCompile Include="..\..\Src\Gaia\src\GameObject.cpp" />
    <ClCompile Include="..\..\Src\Gaia\src\RenderComponent.cpp" />
    <ClCompile Include="..\..\Src\Gaia\src\RenderSystem.cpp" />
    <ClCompile Include="..\..\Src\Gaia\src\Scene.cpp" />
    <ClCompile Include="..\..\Src\Gaia\src\Transform.cpp" />
    <ClCompile Include="..\..\Src\Gaia\src\UserComponent.cpp" />
    <ClCompile Include="..\..\Src\Gaia\src\Window.cpp" />
    <ClCompile Include="..\..\Src\Gaia\src\utilities.cpp" />
    <ClCompile Include="main.cpp" />
    <ClCompile Include="..\..\Src\Gaia\src\Camera.cpp" />
  </ItemGroup>
  <ItemGroup>
    <ClInclude Include="..\..\Src\Gaia\include\Component.h" />
    <ClInclude Include="..\..\Src\Gaia\include\GaiaComponent.h" />
    <ClInclude Include="..\..\Src\Gaia\include\GaiaCore.h" />
    <ClInclude Include="..\..\Src\Gaia\include\GameObject.h" />
    <ClInclude Include="..\..\Src\Gaia\include\RenderComponent.h" />
    <ClInclude Include="..\..\Src\Gaia\include\RenderSystem.h" />
    <ClInclude Include="..\..\Src\Gaia\include\Scene.h" />
    <ClInclude Include="..\..\Src\Gaia\include\Singleton.h" />
    <ClInclude Include="..\..\Src\Gaia\include\Transform.h" />
    <ClInclude Include="..\..\Src\Gaia\include\UserComponent.h" />
    <ClInclude Include="..\..\Src\Gaia\include\Window.h" />
    <ClInclude Include="..\..\Src\Gaia\include\utilities.h" />
    <ClInclude Include="..\..\Src\Gaia\include\Camera.h" />
  </ItemGroup>
</Project>