<?xml version="1.0" encoding="utf-8"?>
<Project ToolsVersion="4.0" xmlns="http://schemas.microsoft.com/developer/msbuild/2003">
  <ItemGroup>
    <ClCompile Include="..\..\Src\Gaia\src\Window.cpp">
      <Filter>Archivos de código fuente</Filter>
    </ClCompile>
    <ClCompile Include="..\..\Src\Gaia\src\GaiaCore.cpp">
      <Filter>Archivos de código fuente</Filter>
    </ClCompile>
    <ClCompile Include="main.cpp">
      <Filter>Archivos de código fuente</Filter>
    </ClCompile>
    <ClCompile Include="..\..\Src\Gaia\src\ShaderTechniqueResolver.cpp">
      <Filter>Archivos de código fuente</Filter>
    </ClCompile>
    <ClCompile Include="..\..\Src\Gaia\src\Component\Camera.cpp">
      <Filter>Archivos de código fuente\Component</Filter>
    </ClCompile>
    <ClCompile Include="..\..\Src\Gaia\src\Component\Component.cpp">
      <Filter>Archivos de código fuente\Component</Filter>
    </ClCompile>
    <ClCompile Include="..\..\Src\Gaia\src\Component\ComponentData.cpp">
      <Filter>Archivos de código fuente\Component</Filter>
    </ClCompile>
    <ClCompile Include="..\..\Src\Gaia\src\Component\GaiaComponent.cpp">
      <Filter>Archivos de código fuente\Component</Filter>
    </ClCompile>
    <ClCompile Include="..\..\Src\Gaia\src\Component\Light.cpp">
      <Filter>Archivos de código fuente\Component</Filter>
    </ClCompile>
    <ClCompile Include="..\..\Src\Gaia\src\Component\MeshRenderer.cpp">
      <Filter>Archivos de código fuente\Component</Filter>
    </ClCompile>
    <ClCompile Include="..\..\Src\Gaia\src\Component\Transform.cpp">
      <Filter>Archivos de código fuente\Component</Filter>
    </ClCompile>
    <ClCompile Include="..\..\Src\Gaia\src\Component\UserComponent.cpp">
      <Filter>Archivos de código fuente\Component</Filter>
    </ClCompile>
    <ClCompile Include="..\..\Src\Gaia\src\GameObject\GameObject.cpp">
      <Filter>Archivos de código fuente\GameObject</Filter>
    </ClCompile>
    <ClCompile Include="..\..\Src\Gaia\src\GameObject\GameObjectData.cpp">
      <Filter>Archivos de código fuente\GameObject</Filter>
    </ClCompile>
    <ClCompile Include="..\..\Src\Gaia\src\Managers\ComponentManager.cpp">
      <Filter>Archivos de código fuente\Managers</Filter>
    </ClCompile>
    <ClCompile Include="..\..\Src\Gaia\src\Managers\ResourcesManager.cpp">
      <Filter>Archivos de código fuente\Managers</Filter>
    </ClCompile>
    <ClCompile Include="..\..\Src\Gaia\src\Managers\SceneManager.cpp">
      <Filter>Archivos de código fuente\Managers</Filter>
    </ClCompile>
    <ClCompile Include="..\..\Src\Gaia\src\Scene\Scene.cpp">
      <Filter>Archivos de código fuente\Scene</Filter>
    </ClCompile>
    <ClCompile Include="..\..\Src\Gaia\src\Scene\SceneData.cpp">
      <Filter>Archivos de código fuente\Scene</Filter>
    </ClCompile>
    <ClCompile Include="..\..\Src\Gaia\src\Systems\RenderSystem.cpp">
      <Filter>Archivos de código fuente\Systems</Filter>
    </ClCompile>
    <ClCompile Include="..\..\Src\Gaia\src\Utilities\Vector3.cpp">
      <Filter>Archivos de código fuente\Utilities</Filter>
    </ClCompile>
    <ClCompile Include="..\..\Src\Gaia\src\Utilities\DebugDrawer.cpp">
      <Filter>Archivos de código fuente\Utilities</Filter>
    </ClCompile>
    <ClCompile Include="..\..\Src\Gaia\src\Component\GaiaMotionState.cpp">
      <Filter>Archivos de código fuente\Component</Filter>
    </ClCompile>
    <ClCompile Include="..\..\Src\Gaia\src\Utilities\gTime.cpp">
      <Filter>Archivos de código fuente\Utilities</Filter>
    </ClCompile>
    <ClCompile Include="..\..\Src\Gaia\src\Utilities\Quaternion.cpp">
      <Filter>Archivos de código fuente\Utilities</Filter>
    </ClCompile>
    <ClCompile Include="..\..\Src\Gaia\src\Component\Reverb.cpp">
      <Filter>Archivos de código fuente\Component</Filter>
    </ClCompile>
    <ClCompile Include="..\..\Src\Gaia\src\Component\RigidBody.cpp">
      <Filter>Archivos de código fuente\Component</Filter>
    </ClCompile>
    <ClCompile Include="..\..\Src\Gaia\src\Component\SoundEmitter.cpp">
      <Filter>Archivos de código fuente\Component</Filter>
    </ClCompile>
    <ClCompile Include="..\..\Src\Gaia\src\Component\SoundListener.cpp">
      <Filter>Archivos de código fuente\Component</Filter>
    </ClCompile>
    <ClCompile Include="..\..\Src\Gaia\src\Systems\SoundSystem.cpp">
      <Filter>Archivos de código fuente\Systems</Filter>
    </ClCompile>
    <ClCompile Include="..\..\Src\Gaia\src\Component\UILayout.cpp">
      <Filter>Archivos de código fuente\Component</Filter>
    </ClCompile>
    <ClCompile Include="..\..\Src\Gaia\src\Systems\InputSystem.cpp">
      <Filter>Archivos de código fuente\Systems</Filter>
    </ClCompile>
    <ClCompile Include="..\..\Src\Gaia\src\Systems\InterfaceSystem.cpp">
      <Filter>Archivos de código fuente\Systems</Filter>
    </ClCompile>
    <ClCompile Include="..\..\Src\Gaia\src\Systems\PhysicsSystem.cpp">
      <Filter>Archivos de código fuente\Systems</Filter>
    </ClCompile>
    <ClCompile Include="..\..\Src\Gaia\src\Component\Animator.cpp">
      <Filter>Archivos de código fuente\Component</Filter>
    </ClCompile>
    <ClCompile Include="..\..\Src\Gaia\src\Component\ParticleEmitter.cpp">
      <Filter>Archivos de código fuente\Component</Filter>
    </ClCompile>
    <ClCompile Include="..\..\Src\Gaia\src\Systems\EventSystem.cpp">
      <Filter>Archivos de código fuente\Systems</Filter>
    </ClCompile>
    <ClCompile Include="..\..\Src\Gaia\src\Events\EventListener.cpp">
      <Filter>Archivos de código fuente\Events</Filter>
    </ClCompile>
    <ClCompile Include="..\..\Src\Gaia\src\Events\WindowEventListener.cpp">
      <Filter>Archivos de código fuente\Events</Filter>
    </ClCompile>
    <ClCompile Include="..\..\Src\Gaia\src\Events\MouseEventListener.cpp">
      <Filter>Archivos de código fuente\Events</Filter>
    </ClCompile>
    <ClCompile Include="..\..\Src\Gaia\src\Events\KeyboardEventListener.cpp">
      <Filter>Archivos de código fuente\Events</Filter>
    </ClCompile>
    <ClCompile Include="..\..\Src\Gaia\src\Events\ControllerEventListener.cpp">
      <Filter>Archivos de código fuente\Events</Filter>
    </ClCompile>
    <ClCompile Include="..\..\Src\Gaia\src\Utilities\Loadable.cpp">
      <Filter>Archivos de código fuente\Utilities</Filter>
    </ClCompile>
    <ClCompile Include="..\..\Src\Gaia\src\GameObject\BlueprintData.cpp">
      <Filter>Archivos de código fuente\GameObject</Filter>
    </ClCompile>
    <ClCompile Include="..\..\Src\Gaia\src\Component\UIElement.cpp">
      <Filter>Archivos de código fuente\Component</Filter>
    </ClCompile>
    <ClCompile Include="..\..\Src\Gaia\src\Utilities\MeshStrider.cpp">
      <Filter>Archivos de código fuente\Utilities</Filter>
    </ClCompile>
    <ClCompile Include="..\..\Src\Gaia\src\Component\Strider.cpp">
      <Filter>Archivos de código fuente\Component</Filter>
    </ClCompile>
  </ItemGroup>
  <ItemGroup>
    <ClInclude Include="..\..\Src\Gaia\include\GaiaCore.h">
      <Filter>Archivos de encabezado</Filter>
    </ClInclude>
    <ClInclude Include="..\..\Src\Gaia\include\ShaderTechniqueResolver.h">
      <Filter>Archivos de encabezado</Filter>
    </ClInclude>
    <ClInclude Include="..\..\Src\Gaia\include\Singleton.h">
      <Filter>Archivos de encabezado</Filter>
    </ClInclude>
    <ClInclude Include="..\..\Src\Gaia\include\Window.h">
      <Filter>Archivos de encabezado</Filter>
    </ClInclude>
    <ClInclude Include="..\..\Src\Gaia\include\Camera.h">
      <Filter>Archivos de encabezado\Component</Filter>
    </ClInclude>
    <ClInclude Include="..\..\Src\Gaia\include\Component.h">
      <Filter>Archivos de encabezado\Component</Filter>
    </ClInclude>
    <ClInclude Include="..\..\Src\Gaia\include\ComponentData.h">
      <Filter>Archivos de encabezado\Component</Filter>
    </ClInclude>
    <ClInclude Include="..\..\Src\Gaia\include\GaiaComponent.h">
      <Filter>Archivos de encabezado\Component</Filter>
    </ClInclude>
    <ClInclude Include="..\..\Src\Gaia\include\Light.h">
      <Filter>Archivos de encabezado\Component</Filter>
    </ClInclude>
    <ClInclude Include="..\..\Src\Gaia\include\MeshRenderer.h">
      <Filter>Archivos de encabezado\Component</Filter>
    </ClInclude>
    <ClInclude Include="..\..\Src\Gaia\include\Transform.h">
      <Filter>Archivos de encabezado\Component</Filter>
    </ClInclude>
    <ClInclude Include="..\..\Src\Gaia\include\UserComponent.h">
      <Filter>Archivos de encabezado\Component</Filter>
    </ClInclude>
    <ClInclude Include="..\..\Src\Gaia\include\GameObject.h">
      <Filter>Archivos de encabezado\GameObject</Filter>
    </ClInclude>
    <ClInclude Include="..\..\Src\Gaia\include\GameObjectData.h">
      <Filter>Archivos de encabezado\GameObject</Filter>
    </ClInclude>
    <ClInclude Include="..\..\Src\Gaia\include\ComponentManager.h">
      <Filter>Archivos de encabezado\Managers</Filter>
    </ClInclude>
    <ClInclude Include="..\..\Src\Gaia\include\ResourcesManager.h">
      <Filter>Archivos de encabezado\Managers</Filter>
    </ClInclude>
    <ClInclude Include="..\..\Src\Gaia\include\SceneManager.h">
      <Filter>Archivos de encabezado\Managers</Filter>
    </ClInclude>
    <ClInclude Include="..\..\Src\Gaia\include\Vector3.h">
      <Filter>Archivos de encabezado\Utilities</Filter>
    </ClInclude>
    <ClInclude Include="..\..\Src\Gaia\include\RenderSystem.h">
      <Filter>Archivos de encabezado\Systems</Filter>
    </ClInclude>
    <ClInclude Include="..\..\Src\Gaia\include\Scene.h">
      <Filter>Archivos de encabezado\Scene</Filter>
    </ClInclude>
    <ClInclude Include="..\..\Src\Gaia\include\SceneData.h">
      <Filter>Archivos de encabezado\Scene</Filter>
    </ClInclude>
    <ClInclude Include="..\..\Src\Gaia\include\UILayout.h">
      <Filter>Archivos de encabezado\Component</Filter>
    </ClInclude>
    <ClInclude Include="..\..\Src\Gaia\include\ShaderTechniqueResolver.h">
      <Filter>Archivos de encabezado</Filter>
    </ClInclude>
    <ClInclude Include="..\..\Src\Gaia\include\PhysicsSystem.h">
      <Filter>Archivos de encabezado\Systems</Filter>
    </ClInclude>
    <ClInclude Include="..\..\Src\Gaia\include\RigidBody.h">
      <Filter>Archivos de encabezado\Component</Filter>
    </ClInclude>
    <ClInclude Include="..\..\Src\Gaia\include\DebugDrawer.h">
      <Filter>Archivos de encabezado\Utilities</Filter>
    </ClInclude>
    <ClInclude Include="..\..\Src\Gaia\include\OgreBulletUtils.h">
      <Filter>Archivos de encabezado\Utilities</Filter>
    </ClInclude>
    <ClInclude Include="..\..\Src\Gaia\include\GaiaMotionState.h">
      <Filter>Archivos de encabezado\Component</Filter>
    </ClInclude>
    <ClInclude Include="..\..\Src\Gaia\include\gTime.h">
      <Filter>Archivos de encabezado\Utilities</Filter>
    </ClInclude>
    <ClInclude Include="..\..\Src\Gaia\include\InputSystem.h">
      <Filter>Archivos de encabezado\Systems</Filter>
    </ClInclude>
    <ClInclude Include="..\..\Src\Gaia\include\Quaternion.h">
      <Filter>Archivos de encabezado\Utilities</Filter>
    </ClInclude>
    <ClInclude Include="..\..\Src\Gaia\include\SoundListener.h">
      <Filter>Archivos de encabezado\Component</Filter>
    </ClInclude>
    <ClInclude Include="..\..\Src\Gaia\include\SoundEmitter.h">
      <Filter>Archivos de encabezado\Component</Filter>
    </ClInclude>
    <ClInclude Include="..\..\Src\Gaia\include\Reverb.h">
      <Filter>Archivos de encabezado\Component</Filter>
    </ClInclude>
    <ClInclude Include="..\..\Src\Gaia\include\SoundSystem.h">
      <Filter>Archivos de encabezado\Systems</Filter>
    </ClInclude>
    <ClInclude Include="..\..\Src\Gaia\include\InterfaceSystem.h">
      <Filter>Archivos de encabezado\Systems</Filter>
    </ClInclude>
    <ClInclude Include="..\..\Src\Gaia\include\Animator.h">
      <Filter>Archivos de encabezado\Component</Filter>
    </ClInclude>
    <ClInclude Include="..\..\Src\Gaia\include\ParticleEmitter.h">
      <Filter>Archivos de encabezado\Component</Filter>
    </ClInclude>
    <ClInclude Include="..\..\Src\Gaia\include\EventSystem.h">
      <Filter>Archivos de encabezado\Systems</Filter>
    </ClInclude>
    <ClInclude Include="..\..\Src\Gaia\include\DebugUtils.h">
      <Filter>Archivos de encabezado\Utilities</Filter>
    </ClInclude>
    <ClInclude Include="..\..\Src\Gaia\include\EventListener.h">
      <Filter>Archivos de encabezado\Events</Filter>
    </ClInclude>
    <ClInclude Include="..\..\Src\Gaia\include\WindowEventListener.h">
      <Filter>Archivos de encabezado\Events</Filter>
    </ClInclude>
    <ClInclude Include="..\..\Src\Gaia\include\MouseEventListener.h">
      <Filter>Archivos de encabezado\Events</Filter>
    </ClInclude>
    <ClInclude Include="..\..\Src\Gaia\include\KeyboardEventListener.h">
      <Filter>Archivos de encabezado\Events</Filter>
    </ClInclude>
    <ClInclude Include="..\..\Src\Gaia\include\ControllerEventListener.h">
      <Filter>Archivos de encabezado\Events</Filter>
    </ClInclude>
    <ClInclude Include="..\..\Src\Gaia\include\MathUtils.h">
      <Filter>Archivos de encabezado\Utilities</Filter>
    </ClInclude>
    <ClInclude Include="..\..\Src\Gaia\include\GaiaExports.h">
      <Filter>Archivos de encabezado</Filter>
    </ClInclude>
    <ClInclude Include="..\..\Src\Gaia\include\PhysicsUtils.h">
      <Filter>Archivos de encabezado\Utilities</Filter>
    </ClInclude>
    <ClInclude Include="..\..\Src\Gaia\include\Loadable.h">
      <Filter>Archivos de encabezado\Utilities</Filter>
    </ClInclude>
    <ClInclude Include="..\..\Src\Gaia\include\BlueprintData.h">
      <Filter>Archivos de encabezado\GameObject</Filter>
    </ClInclude>
    <ClInclude Include="..\..\Src\Gaia\include\UIElement.h">
      <Filter>Archivos de encabezado\Component</Filter>
    </ClInclude>
    <ClInclude Include="..\..\Src\Gaia\include\MeshStrider.h">
      <Filter>Archivos de encabezado\Utilities</Filter>
    </ClInclude>
    <ClInclude Include="..\..\Src\Gaia\include\Strider.h">
      <Filter>Archivos de encabezado\Component</Filter>
    </ClInclude>
  </ItemGroup>
  <ItemGroup>
    <Filter Include="Archivos de encabezado">
      <UniqueIdentifier>{155543c2-0098-47c8-a388-e80a903edf88}</UniqueIdentifier>
    </Filter>
    <Filter Include="Archivos de código fuente">
      <UniqueIdentifier>{879b1599-e319-4754-bf57-08bfddafb845}</UniqueIdentifier>
    </Filter>
    <Filter Include="Archivos de encabezado\Component">
      <UniqueIdentifier>{0510eecb-2062-4991-8121-92e27cad9607}</UniqueIdentifier>
    </Filter>
    <Filter Include="Archivos de encabezado\GameObject">
      <UniqueIdentifier>{c05cb1fe-e3c2-4129-9b0b-c7c7a021776e}</UniqueIdentifier>
    </Filter>
    <Filter Include="Archivos de encabezado\Utilities">
      <UniqueIdentifier>{c4e960be-aa28-4b56-9777-eb2f6f928c0c}</UniqueIdentifier>
    </Filter>
    <Filter Include="Archivos de encabezado\Managers">
      <UniqueIdentifier>{9828204e-2074-471f-a55c-d004942ba74c}</UniqueIdentifier>
    </Filter>
    <Filter Include="Archivos de código fuente\GameObject">
      <UniqueIdentifier>{f6a74d8a-daf4-4d7a-b887-1a16e81a5aba}</UniqueIdentifier>
    </Filter>
    <Filter Include="Archivos de código fuente\Managers">
      <UniqueIdentifier>{c64eb1a5-2617-4c8c-9e4d-03b9b342e8be}</UniqueIdentifier>
    </Filter>
    <Filter Include="Archivos de código fuente\Utilities">
      <UniqueIdentifier>{4fcab8c3-8af9-41cc-b531-8c2e727ee8e3}</UniqueIdentifier>
    </Filter>
    <Filter Include="Archivos de código fuente\Systems">
      <UniqueIdentifier>{2996379c-478c-4c6a-99eb-c35793ecba64}</UniqueIdentifier>
    </Filter>
    <Filter Include="Archivos de código fuente\Scene">
      <UniqueIdentifier>{43bbc2da-39f4-4469-91d7-48f6f8a5cb94}</UniqueIdentifier>
    </Filter>
    <Filter Include="Archivos de código fuente\Component">
      <UniqueIdentifier>{97294b80-e49f-4ad7-96ad-f1a27456e6fb}</UniqueIdentifier>
    </Filter>
    <Filter Include="Archivos de encabezado\Scene">
      <UniqueIdentifier>{b1adfafd-c7e9-40f3-b112-128b872f45f0}</UniqueIdentifier>
    </Filter>
    <Filter Include="Archivos de encabezado\Systems">
      <UniqueIdentifier>{52be9477-cdfb-4cb4-930f-c4e716c69b64}</UniqueIdentifier>
    </Filter>
    <Filter Include="Archivos de encabezado\Events">
      <UniqueIdentifier>{67bcdd21-44d6-48b6-887a-5c4ef9c27354}</UniqueIdentifier>
    </Filter>
    <Filter Include="Archivos de código fuente\Events">
      <UniqueIdentifier>{21d1e15d-c747-4e22-8142-e7df25f5fd91}</UniqueIdentifier>
    </Filter>
  </ItemGroup>
</Project>